
Microsoft Visual Studio Solution File, Format Version 12.00
# Visual Studio Version 16
VisualStudioVersion = 16.0.31205.134
MinimumVisualStudioVersion = 10.0.40219.1
Project("{9A19103F-16F7-4668-BE54-9A1E7A4F7556}") = "WebAPI", "WebAPI\WebAPI.csproj", "{F8359B2B-E013-40A2-804B-55CCAA7AD290}"
EndProject
Project("{9A19103F-16F7-4668-BE54-9A1E7A4F7556}") = "Tests", "Tests\Tests.csproj", "{BC4F230A-F1E7-47FE-9631-7789E1522835}"
EndProject
Project("{9A19103F-16F7-4668-BE54-9A1E7A4F7556}") = "Business", "Business\Business.csproj", "{7AC414C6-FBE6-43FB-97CB-7F7CB2C12763}"
EndProject
Project("{9A19103F-16F7-4668-BE54-9A1E7A4F7556}") = "DataAccess", "DataAccess\DataAccess.csproj", "{47963913-BE31-4C1B-9276-65AB78D3688B}"
EndProject
Project("{9A19103F-16F7-4668-BE54-9A1E7A4F7556}") = "Core", "Core\Core.csproj", "{0A760C59-20C1-4065-8C19-683D5E1B914F}"
EndProject
Project("{9A19103F-16F7-4668-BE54-9A1E7A4F7556}") = "Entities", "Entities\Entities.csproj", "{B2BC2B19-6799-4C9C-9FA0-B00DDD4DB123}"
EndProject
Global
	GlobalSection(SolutionConfigurationPlatforms) = preSolution
		Debug|Any CPU = Debug|Any CPU
		Release|Any CPU = Release|Any CPU
	EndGlobalSection
	GlobalSection(ProjectConfigurationPlatforms) = postSolution
		{F8359B2B-E013-40A2-804B-55CCAA7AD290}.Debug|Any CPU.ActiveCfg = Debug|Any CPU
		{F8359B2B-E013-40A2-804B-55CCAA7AD290}.Debug|Any CPU.Build.0 = Debug|Any CPU
		{F8359B2B-E013-40A2-804B-55CCAA7AD290}.Release|Any CPU.ActiveCfg = Release|Any CPU
		{F8359B2B-E013-40A2-804B-55CCAA7AD290}.Release|Any CPU.Build.0 = Release|Any CPU
		{BC4F230A-F1E7-47FE-9631-7789E1522835}.Debug|Any CPU.ActiveCfg = Debug|Any CPU
		{BC4F230A-F1E7-47FE-9631-7789E1522835}.Debug|Any CPU.Build.0 = Debug|Any CPU
		{BC4F230A-F1E7-47FE-9631-7789E1522835}.Release|Any CPU.ActiveCfg = Release|Any CPU
		{BC4F230A-F1E7-47FE-9631-7789E1522835}.Release|Any CPU.Build.0 = Release|Any CPU
		{7AC414C6-FBE6-43FB-97CB-7F7CB2C12763}.Debug|Any CPU.ActiveCfg = Debug|Any CPU
		{7AC414C6-FBE6-43FB-97CB-7F7CB2C12763}.Debug|Any CPU.Build.0 = Debug|Any CPU
		{7AC414C6-FBE6-43FB-97CB-7F7CB2C12763}.Release|Any CPU.ActiveCfg = Release|Any CPU
		{7AC414C6-FBE6-43FB-97CB-7F7CB2C12763}.Release|Any CPU.Build.0 = Release|Any CPU
		{47963913-BE31-4C1B-9276-65AB78D3688B}.Debug|Any CPU.ActiveCfg = Debug|Any CPU
		{47963913-BE31-4C1B-9276-65AB78D3688B}.Debug|Any CPU.Build.0 = Debug|Any CPU
		{47963913-BE31-4C1B-9276-65AB78D3688B}.Release|Any CPU.ActiveCfg = Release|Any CPU
		{47963913-BE31-4C1B-9276-65AB78D3688B}.Release|Any CPU.Build.0 = Release|Any CPU
		{0A760C59-20C1-4065-8C19-683D5E1B914F}.Debug|Any CPU.ActiveCfg = Debug|Any CPU
		{0A760C59-20C1-4065-8C19-683D5E1B914F}.Debug|Any CPU.Build.0 = Debug|Any CPU
		{0A760C59-20C1-4065-8C19-683D5E1B914F}.Release|Any CPU.ActiveCfg = Release|Any CPU
		{0A760C59-20C1-4065-8C19-683D5E1B914F}.Release|Any CPU.Build.0 = Release|Any CPU
		{B2BC2B19-6799-4C9C-9FA0-B00DDD4DB123}.Debug|Any CPU.ActiveCfg = Debug|Any CPU
		{B2BC2B19-6799-4C9C-9FA0-B00DDD4DB123}.Debug|Any CPU.Build.0 = Debug|Any CPU
		{B2BC2B19-6799-4C9C-9FA0-B00DDD4DB123}.Release|Any CPU.ActiveCfg = Release|Any CPU
		{B2BC2B19-6799-4C9C-9FA0-B00DDD4DB123}.Release|Any CPU.Build.0 = Release|Any CPU
	EndGlobalSection
	GlobalSection(SolutionProperties) = preSolution
		HideSolutionNode = FALSE
	EndGlobalSection
	GlobalSection(ExtensibilityGlobals) = postSolution
		SolutionGuid = {32055917-6017-4B3D-947B-761956F1C1AD}
	EndGlobalSection
EndGlobal
